
Microsoft Visual Studio Solution File, Format Version 12.00
# Visual Studio Version 17
VisualStudioVersion = 17.13.35825.156
MinimumVisualStudioVersion = 10.0.40219.1
Project("{9A19103F-16F7-4668-BE54-9A1E7A4F7556}") = "CampaignManager.WebApp", "CampaignManager.WebApp\CampaignManager.WebApp.csproj", "{E3A825C5-1963-0437-28C1-10AF09DA067D}"
	ProjectSection(ProjectDependencies) = postProject
		{21E425B6-DA91-0A0A-EFB4-842F3172327E} = {21E425B6-DA91-0A0A-EFB4-842F3172327E}
		{A02472AA-C6CE-97AC-B8B7-5DAE28B3A90F} = {A02472AA-C6CE-97AC-B8B7-5DAE28B3A90F}
	EndProjectSection
EndProject
Project("{9A19103F-16F7-4668-BE54-9A1E7A4F7556}") = "CampaignManager.Services", "CampaignManager.Service\CampaignManager.Services.csproj", "{A02472AA-C6CE-97AC-B8B7-5DAE28B3A90F}"
EndProject
Project("{9A19103F-16F7-4668-BE54-9A1E7A4F7556}") = "CampaignManager.Data", "CampaignManager.Data\CampaignManager.Data.csproj", "{21E425B6-DA91-0A0A-EFB4-842F3172327E}"
EndProject
Project("{2150E333-8FDC-42A3-9474-1A3956D46DE8}") = "Solution Items", "Solution Items", "{8EC462FD-D22E-90A8-E5CE-7E832BA40C5D}"
EndProject
Project("{FAE04EC0-301F-11D3-BF4B-00C04F79EFBC}") = "api", "api\api.csproj", "{1C6C011A-F783-4665-9E83-4EC35A20B2DA}"
EndProject
Global
	GlobalSection(SolutionConfigurationPlatforms) = preSolution
		Debug|Any CPU = Debug|Any CPU
		Release|Any CPU = Release|Any CPU
	EndGlobalSection
	GlobalSection(ProjectConfigurationPlatforms) = postSolution
		{E3A825C5-1963-0437-28C1-10AF09DA067D}.Debug|Any CPU.ActiveCfg = Debug|Any CPU
		{E3A825C5-1963-0437-28C1-10AF09DA067D}.Debug|Any CPU.Build.0 = Debug|Any CPU
		{E3A825C5-1963-0437-28C1-10AF09DA067D}.Release|Any CPU.ActiveCfg = Release|Any CPU
		{E3A825C5-1963-0437-28C1-10AF09DA067D}.Release|Any CPU.Build.0 = Release|Any CPU
		{A02472AA-C6CE-97AC-B8B7-5DAE28B3A90F}.Debug|Any CPU.ActiveCfg = Debug|Any CPU
		{A02472AA-C6CE-97AC-B8B7-5DAE28B3A90F}.Debug|Any CPU.Build.0 = Debug|Any CPU
		{A02472AA-C6CE-97AC-B8B7-5DAE28B3A90F}.Release|Any CPU.ActiveCfg = Release|Any CPU
		{A02472AA-C6CE-97AC-B8B7-5DAE28B3A90F}.Release|Any CPU.Build.0 = Release|Any CPU
		{21E425B6-DA91-0A0A-EFB4-842F3172327E}.Debug|Any CPU.ActiveCfg = Debug|Any CPU
		{21E425B6-DA91-0A0A-EFB4-842F3172327E}.Debug|Any CPU.Build.0 = Debug|Any CPU
		{21E425B6-DA91-0A0A-EFB4-842F3172327E}.Release|Any CPU.ActiveCfg = Release|Any CPU
		{21E425B6-DA91-0A0A-EFB4-842F3172327E}.Release|Any CPU.Build.0 = Release|Any CPU
		{1C6C011A-F783-4665-9E83-4EC35A20B2DA}.Debug|Any CPU.ActiveCfg = Debug|Any CPU
		{1C6C011A-F783-4665-9E83-4EC35A20B2DA}.Debug|Any CPU.Build.0 = Debug|Any CPU
		{1C6C011A-F783-4665-9E83-4EC35A20B2DA}.Release|Any CPU.ActiveCfg = Release|Any CPU
		{1C6C011A-F783-4665-9E83-4EC35A20B2DA}.Release|Any CPU.Build.0 = Release|Any CPU
	EndGlobalSection
	GlobalSection(SolutionProperties) = preSolution
		HideSolutionNode = FALSE
	EndGlobalSection
	GlobalSection(ExtensibilityGlobals) = postSolution
		SolutionGuid = {A3E8AD24-AC1E-4C30-9BFE-B39747D967D4}
	EndGlobalSection
EndGlobal
